
Microsoft Visual Studio Solution File, Format Version 12.00
# Visual Studio Version 16
VisualStudioVersion = 16.0.29519.181
MinimumVisualStudioVersion = 10.0.40219.1
Project("{8BC9CEB8-8B4A-11D0-8D11-00A0C91BC942}") = "Program12_ifThisThenThat", "Program12_ifThisThenThat\Program12_ifThisThenThat.vcxproj", "{28FEFF96-77FB-49D6-9132-EBA482D82414}"
EndProject
Global
	GlobalSection(SolutionConfigurationPlatforms) = preSolution
		Debug|x64 = Debug|x64
		Debug|x86 = Debug|x86
		Release|x64 = Release|x64
		Release|x86 = Release|x86
	EndGlobalSection
	GlobalSection(ProjectConfigurationPlatforms) = postSolution
		{28FEFF96-77FB-49D6-9132-EBA482D82414}.Debug|x64.ActiveCfg = Debug|x64
		{28FEFF96-77FB-49D6-9132-EBA482D82414}.Debug|x64.Build.0 = Debug|x64
		{28FEFF96-77FB-49D6-9132-EBA482D82414}.Debug|x86.ActiveCfg = Debug|Win32
		{28FEFF96-77FB-49D6-9132-EBA482D82414}.Debug|x86.Build.0 = Debug|Win32
		{28FEFF96-77FB-49D6-9132-EBA482D82414}.Release|x64.ActiveCfg = Release|x64
		{28FEFF96-77FB-49D6-9132-EBA482D82414}.Release|x64.Build.0 = Release|x64
		{28FEFF96-77FB-49D6-9132-EBA482D82414}.Release|x86.ActiveCfg = Release|Win32
		{28FEFF96-77FB-49D6-9132-EBA482D82414}.Release|x86.Build.0 = Release|Win32
	EndGlobalSection
	GlobalSection(SolutionProperties) = preSolution
		HideSolutionNode = FALSE
	EndGlobalSection
	GlobalSection(ExtensibilityGlobals) = postSolution
		SolutionGuid = {074AF9B7-9AEE-4079-A75C-DC12CBD4544F}
	EndGlobalSection
EndGlobal
