
Microsoft Visual Studio Solution File, Format Version 12.00
# Visual Studio Version 16
VisualStudioVersion = 16.0.29519.181
MinimumVisualStudioVersion = 10.0.40219.1
Project("{8BC9CEB8-8B4A-11D0-8D11-00A0C91BC942}") = "Program9_shareOfSavings", "Program9_shareOfSavings\Program9_shareOfSavings.vcxproj", "{9F486314-47A4-49E5-84AC-6FD267F3BC92}"
EndProject
Global
	GlobalSection(SolutionConfigurationPlatforms) = preSolution
		Debug|x64 = Debug|x64
		Debug|x86 = Debug|x86
		Release|x64 = Release|x64
		Release|x86 = Release|x86
	EndGlobalSection
	GlobalSection(ProjectConfigurationPlatforms) = postSolution
		{9F486314-47A4-49E5-84AC-6FD267F3BC92}.Debug|x64.ActiveCfg = Debug|x64
		{9F486314-47A4-49E5-84AC-6FD267F3BC92}.Debug|x64.Build.0 = Debug|x64
		{9F486314-47A4-49E5-84AC-6FD267F3BC92}.Debug|x86.ActiveCfg = Debug|Win32
		{9F486314-47A4-49E5-84AC-6FD267F3BC92}.Debug|x86.Build.0 = Debug|Win32
		{9F486314-47A4-49E5-84AC-6FD267F3BC92}.Release|x64.ActiveCfg = Release|x64
		{9F486314-47A4-49E5-84AC-6FD267F3BC92}.Release|x64.Build.0 = Release|x64
		{9F486314-47A4-49E5-84AC-6FD267F3BC92}.Release|x86.ActiveCfg = Release|Win32
		{9F486314-47A4-49E5-84AC-6FD267F3BC92}.Release|x86.Build.0 = Release|Win32
	EndGlobalSection
	GlobalSection(SolutionProperties) = preSolution
		HideSolutionNode = FALSE
	EndGlobalSection
	GlobalSection(ExtensibilityGlobals) = postSolution
		SolutionGuid = {C48FBC68-70F8-4508-943B-03C03B0AF5B7}
	EndGlobalSection
EndGlobal
